
Microsoft Visual Studio Solution File, Format Version 12.00
# Visual Studio Version 16
VisualStudioVersion = 16.0.30114.105
MinimumVisualStudioVersion = 10.0.40219.1
Project("{FAE04EC0-301F-11D3-BF4B-00C04F79EFBC}") = "UI", "UI\UI.csproj", "{FADFE249-E139-487F-BD57-9FC3C8F5CFA2}"
EndProject
Project("{FAE04EC0-301F-11D3-BF4B-00C04F79EFBC}") = "Robot", "Robot\Robot.csproj", "{30A9611B-608D-4CA5-A46E-BF4902EBA27B}"
EndProject
Project("{FAE04EC0-301F-11D3-BF4B-00C04F79EFBC}") = "Persistence", "Persistence\Persistence.csproj", "{4E5E02A4-A5A5-4077-936A-32FBA6E1E2B9}"
EndProject
Global
	GlobalSection(SolutionConfigurationPlatforms) = preSolution
		Debug|Any CPU = Debug|Any CPU
		Debug|x64 = Debug|x64
		Debug|x86 = Debug|x86
		Release|Any CPU = Release|Any CPU
		Release|x64 = Release|x64
		Release|x86 = Release|x86
	EndGlobalSection
	GlobalSection(SolutionProperties) = preSolution
		HideSolutionNode = FALSE
	EndGlobalSection
	GlobalSection(ProjectConfigurationPlatforms) = postSolution
		{FADFE249-E139-487F-BD57-9FC3C8F5CFA2}.Debug|Any CPU.ActiveCfg = Debug|Any CPU
		{FADFE249-E139-487F-BD57-9FC3C8F5CFA2}.Debug|Any CPU.Build.0 = Debug|Any CPU
		{FADFE249-E139-487F-BD57-9FC3C8F5CFA2}.Debug|x64.ActiveCfg = Debug|Any CPU
		{FADFE249-E139-487F-BD57-9FC3C8F5CFA2}.Debug|x64.Build.0 = Debug|Any CPU
		{FADFE249-E139-487F-BD57-9FC3C8F5CFA2}.Debug|x86.ActiveCfg = Debug|Any CPU
		{FADFE249-E139-487F-BD57-9FC3C8F5CFA2}.Debug|x86.Build.0 = Debug|Any CPU
		{FADFE249-E139-487F-BD57-9FC3C8F5CFA2}.Release|Any CPU.ActiveCfg = Release|Any CPU
		{FADFE249-E139-487F-BD57-9FC3C8F5CFA2}.Release|Any CPU.Build.0 = Release|Any CPU
		{FADFE249-E139-487F-BD57-9FC3C8F5CFA2}.Release|x64.ActiveCfg = Release|Any CPU
		{FADFE249-E139-487F-BD57-9FC3C8F5CFA2}.Release|x64.Build.0 = Release|Any CPU
		{FADFE249-E139-487F-BD57-9FC3C8F5CFA2}.Release|x86.ActiveCfg = Release|Any CPU
		{FADFE249-E139-487F-BD57-9FC3C8F5CFA2}.Release|x86.Build.0 = Release|Any CPU
		{30A9611B-608D-4CA5-A46E-BF4902EBA27B}.Debug|Any CPU.ActiveCfg = Debug|Any CPU
		{30A9611B-608D-4CA5-A46E-BF4902EBA27B}.Debug|Any CPU.Build.0 = Debug|Any CPU
		{30A9611B-608D-4CA5-A46E-BF4902EBA27B}.Debug|x64.ActiveCfg = Debug|Any CPU
		{30A9611B-608D-4CA5-A46E-BF4902EBA27B}.Debug|x64.Build.0 = Debug|Any CPU
		{30A9611B-608D-4CA5-A46E-BF4902EBA27B}.Debug|x86.ActiveCfg = Debug|Any CPU
		{30A9611B-608D-4CA5-A46E-BF4902EBA27B}.Debug|x86.Build.0 = Debug|Any CPU
		{30A9611B-608D-4CA5-A46E-BF4902EBA27B}.Release|Any CPU.ActiveCfg = Release|Any CPU
		{30A9611B-608D-4CA5-A46E-BF4902EBA27B}.Release|Any CPU.Build.0 = Release|Any CPU
		{30A9611B-608D-4CA5-A46E-BF4902EBA27B}.Release|x64.ActiveCfg = Release|Any CPU
		{30A9611B-608D-4CA5-A46E-BF4902EBA27B}.Release|x64.Build.0 = Release|Any CPU
		{30A9611B-608D-4CA5-A46E-BF4902EBA27B}.Release|x86.ActiveCfg = Release|Any CPU
		{30A9611B-608D-4CA5-A46E-BF4902EBA27B}.Release|x86.Build.0 = Release|Any CPU
		{4E5E02A4-A5A5-4077-936A-32FBA6E1E2B9}.Debug|Any CPU.ActiveCfg = Debug|Any CPU
		{4E5E02A4-A5A5-4077-936A-32FBA6E1E2B9}.Debug|Any CPU.Build.0 = Debug|Any CPU
		{4E5E02A4-A5A5-4077-936A-32FBA6E1E2B9}.Debug|x64.ActiveCfg = Debug|Any CPU
		{4E5E02A4-A5A5-4077-936A-32FBA6E1E2B9}.Debug|x64.Build.0 = Debug|Any CPU
		{4E5E02A4-A5A5-4077-936A-32FBA6E1E2B9}.Debug|x86.ActiveCfg = Debug|Any CPU
		{4E5E02A4-A5A5-4077-936A-32FBA6E1E2B9}.Debug|x86.Build.0 = Debug|Any CPU
		{4E5E02A4-A5A5-4077-936A-32FBA6E1E2B9}.Release|Any CPU.ActiveCfg = Release|Any CPU
		{4E5E02A4-A5A5-4077-936A-32FBA6E1E2B9}.Release|Any CPU.Build.0 = Release|Any CPU
		{4E5E02A4-A5A5-4077-936A-32FBA6E1E2B9}.Release|x64.ActiveCfg = Release|Any CPU
		{4E5E02A4-A5A5-4077-936A-32FBA6E1E2B9}.Release|x64.Build.0 = Release|Any CPU
		{4E5E02A4-A5A5-4077-936A-32FBA6E1E2B9}.Release|x86.ActiveCfg = Release|Any CPU
		{4E5E02A4-A5A5-4077-936A-32FBA6E1E2B9}.Release|x86.Build.0 = Release|Any CPU
	EndGlobalSection
EndGlobal
